
Microsoft Visual Studio Solution File, Format Version 12.00
# Visual Studio Version 17
VisualStudioVersion = 17.7.34031.279
MinimumVisualStudioVersion = 10.0.40219.1
Project("{FAE04EC0-301F-11D3-BF4B-00C04F79EFBC}") = "Практос 3", "Практос 3\Практос 3.csproj", "{73DB9A30-E8EB-46D1-A117-A8EDC688F4AD}"
EndProject
Global
	GlobalSection(SolutionConfigurationPlatforms) = preSolution
		Debug|Any CPU = Debug|Any CPU
		Release|Any CPU = Release|Any CPU
	EndGlobalSection
	GlobalSection(ProjectConfigurationPlatforms) = postSolution
		{73DB9A30-E8EB-46D1-A117-A8EDC688F4AD}.Debug|Any CPU.ActiveCfg = Debug|Any CPU
		{73DB9A30-E8EB-46D1-A117-A8EDC688F4AD}.Debug|Any CPU.Build.0 = Debug|Any CPU
		{73DB9A30-E8EB-46D1-A117-A8EDC688F4AD}.Release|Any CPU.ActiveCfg = Release|Any CPU
		{73DB9A30-E8EB-46D1-A117-A8EDC688F4AD}.Release|Any CPU.Build.0 = Release|Any CPU
	EndGlobalSection
	GlobalSection(SolutionProperties) = preSolution
		HideSolutionNode = FALSE
	EndGlobalSection
	GlobalSection(ExtensibilityGlobals) = postSolution
		SolutionGuid = {62E29C31-D6FF-4DD9-9EFB-CDB1746FBE26}
	EndGlobalSection
EndGlobal
